// !$*UTF8*$!
{
	archiveVersion = 1;
	classes = {
	};
	objectVersion = 56;
	objects = {

/* Begin PBXBuildFile section */
		193389882A35AF6500B19DB0 /* TweetFilterViewModel.swift in Sources */ = {isa = PBXBuildFile; fileRef = 193389872A35AF6500B19DB0 /* TweetFilterViewModel.swift */; };
		1933898D2A35B9AD00B19DB0 /* UserRowView.swift in Sources */ = {isa = PBXBuildFile; fileRef = 1933898C2A35B9AD00B19DB0 /* UserRowView.swift */; };
		193389922A35BDFA00B19DB0 /* SideMenuView.swift in Sources */ = {isa = PBXBuildFile; fileRef = 193389912A35BDFA00B19DB0 /* SideMenuView.swift */; };
		193389942A35BE0E00B19DB0 /* SideMenuRowView.swift in Sources */ = {isa = PBXBuildFile; fileRef = 193389932A35BE0E00B19DB0 /* SideMenuRowView.swift */; };
		193389962A35BE2400B19DB0 /* SideMenuViewModel.swift in Sources */ = {isa = PBXBuildFile; fileRef = 193389952A35BE2400B19DB0 /* SideMenuViewModel.swift */; };
		193389982A35C45400B19DB0 /* UserStatsView.swift in Sources */ = {isa = PBXBuildFile; fileRef = 193389972A35C45400B19DB0 /* UserStatsView.swift */; };
		1933899A2A35D21700B19DB0 /* SideMenuOptionRowView.swift in Sources */ = {isa = PBXBuildFile; fileRef = 193389992A35D21700B19DB0 /* SideMenuOptionRowView.swift */; };
		19D4A7EF2A30F62200D15293 /* MainTabView.swift in Sources */ = {isa = PBXBuildFile; fileRef = 19D4A7EE2A30F62200D15293 /* MainTabView.swift */; };
		19D4A7F52A30F74700D15293 /* ExploreView.swift in Sources */ = {isa = PBXBuildFile; fileRef = 19D4A7F42A30F74700D15293 /* ExploreView.swift */; };
		19D4A7F72A30F75500D15293 /* NotificationsView.swift in Sources */ = {isa = PBXBuildFile; fileRef = 19D4A7F62A30F75500D15293 /* NotificationsView.swift */; };
		19D4A7F92A30F76C00D15293 /* MessagesView.swift in Sources */ = {isa = PBXBuildFile; fileRef = 19D4A7F82A30F76C00D15293 /* MessagesView.swift */; };
		19D4A7FD2A323C5A00D15293 /* ProfileView.swift in Sources */ = {isa = PBXBuildFile; fileRef = 19D4A7FC2A323C5A00D15293 /* ProfileView.swift */; };
		19D61A972A27D06D001817A1 /* TwitterCloneApp.swift in Sources */ = {isa = PBXBuildFile; fileRef = 19D61A962A27D06D001817A1 /* TwitterCloneApp.swift */; };
		19D61A992A27D06D001817A1 /* ContentView.swift in Sources */ = {isa = PBXBuildFile; fileRef = 19D61A982A27D06D001817A1 /* ContentView.swift */; };
		19D61A9B2A27D06E001817A1 /* Assets.xcassets in Resources */ = {isa = PBXBuildFile; fileRef = 19D61A9A2A27D06E001817A1 /* Assets.xcassets */; };
		19D61A9F2A27D06E001817A1 /* Preview Assets.xcassets in Resources */ = {isa = PBXBuildFile; fileRef = 19D61A9E2A27D06E001817A1 /* Preview Assets.xcassets */; };
		19D61AAE2A2917EB001817A1 /* FeedView.swift in Sources */ = {isa = PBXBuildFile; fileRef = 19D61AAD2A2917EB001817A1 /* FeedView.swift */; };
		19D61AB12A291886001817A1 /* TweetRowView.swift in Sources */ = {isa = PBXBuildFile; fileRef = 19D61AB02A291886001817A1 /* TweetRowView.swift */; };
/* End PBXBuildFile section */

/* Begin PBXFileReference section */
		193389872A35AF6500B19DB0 /* TweetFilterViewModel.swift */ = {isa = PBXFileReference; lastKnownFileType = sourcecode.swift; path = TweetFilterViewModel.swift; sourceTree = "<group>"; };
		1933898C2A35B9AD00B19DB0 /* UserRowView.swift */ = {isa = PBXFileReference; lastKnownFileType = sourcecode.swift; path = UserRowView.swift; sourceTree = "<group>"; };
		193389912A35BDFA00B19DB0 /* SideMenuView.swift */ = {isa = PBXFileReference; lastKnownFileType = sourcecode.swift; path = SideMenuView.swift; sourceTree = "<group>"; };
		193389932A35BE0E00B19DB0 /* SideMenuRowView.swift */ = {isa = PBXFileReference; lastKnownFileType = sourcecode.swift; path = SideMenuRowView.swift; sourceTree = "<group>"; };
		193389952A35BE2400B19DB0 /* SideMenuViewModel.swift */ = {isa = PBXFileReference; lastKnownFileType = sourcecode.swift; path = SideMenuViewModel.swift; sourceTree = "<group>"; };
		193389972A35C45400B19DB0 /* UserStatsView.swift */ = {isa = PBXFileReference; lastKnownFileType = sourcecode.swift; path = UserStatsView.swift; sourceTree = "<group>"; };
		193389992A35D21700B19DB0 /* SideMenuOptionRowView.swift */ = {isa = PBXFileReference; lastKnownFileType = sourcecode.swift; path = SideMenuOptionRowView.swift; sourceTree = "<group>"; };
		19D4A7EE2A30F62200D15293 /* MainTabView.swift */ = {isa = PBXFileReference; lastKnownFileType = sourcecode.swift; path = MainTabView.swift; sourceTree = "<group>"; };
		19D4A7F42A30F74700D15293 /* ExploreView.swift */ = {isa = PBXFileReference; lastKnownFileType = sourcecode.swift; path = ExploreView.swift; sourceTree = "<group>"; };
		19D4A7F62A30F75500D15293 /* NotificationsView.swift */ = {isa = PBXFileReference; lastKnownFileType = sourcecode.swift; path = NotificationsView.swift; sourceTree = "<group>"; };
		19D4A7F82A30F76C00D15293 /* MessagesView.swift */ = {isa = PBXFileReference; lastKnownFileType = sourcecode.swift; path = MessagesView.swift; sourceTree = "<group>"; };
		19D4A7FC2A323C5A00D15293 /* ProfileView.swift */ = {isa = PBXFileReference; lastKnownFileType = sourcecode.swift; path = ProfileView.swift; sourceTree = "<group>"; };
		19D61A932A27D06D001817A1 /* TwitterClone.app */ = {isa = PBXFileReference; explicitFileType = wrapper.application; includeInIndex = 0; path = TwitterClone.app; sourceTree = BUILT_PRODUCTS_DIR; };
		19D61A962A27D06D001817A1 /* TwitterCloneApp.swift */ = {isa = PBXFileReference; lastKnownFileType = sourcecode.swift; path = TwitterCloneApp.swift; sourceTree = "<group>"; };
		19D61A982A27D06D001817A1 /* ContentView.swift */ = {isa = PBXFileReference; lastKnownFileType = sourcecode.swift; path = ContentView.swift; sourceTree = "<group>"; };
		19D61A9A2A27D06E001817A1 /* Assets.xcassets */ = {isa = PBXFileReference; lastKnownFileType = folder.assetcatalog; path = Assets.xcassets; sourceTree = "<group>"; };
		19D61A9C2A27D06E001817A1 /* TwitterClone.entitlements */ = {isa = PBXFileReference; lastKnownFileType = text.plist.entitlements; path = TwitterClone.entitlements; sourceTree = "<group>"; };
		19D61A9E2A27D06E001817A1 /* Preview Assets.xcassets */ = {isa = PBXFileReference; lastKnownFileType = folder.assetcatalog; path = "Preview Assets.xcassets"; sourceTree = "<group>"; };
		19D61AAD2A2917EB001817A1 /* FeedView.swift */ = {isa = PBXFileReference; lastKnownFileType = sourcecode.swift; path = FeedView.swift; sourceTree = "<group>"; };
		19D61AB02A291886001817A1 /* TweetRowView.swift */ = {isa = PBXFileReference; lastKnownFileType = sourcecode.swift; path = TweetRowView.swift; sourceTree = "<group>"; };
/* End PBXFileReference section */

/* Begin PBXFrameworksBuildPhase section */
		19D61A902A27D06D001817A1 /* Frameworks */ = {
			isa = PBXFrameworksBuildPhase;
			buildActionMask = 2147483647;
			files = (
			);
			runOnlyForDeploymentPostprocessing = 0;
		};
/* End PBXFrameworksBuildPhase section */

/* Begin PBXGroup section */
		193389892A35B97400B19DB0 /* Views */ = {
			isa = PBXGroup;
			children = (
				19D4A7F42A30F74700D15293 /* ExploreView.swift */,
			);
			path = Views;
			sourceTree = "<group>";
		};
		1933898A2A35B97A00B19DB0 /* ViewModels */ = {
			isa = PBXGroup;
			children = (
			);
			path = ViewModels;
			sourceTree = "<group>";
		};
		1933898B2A35B99E00B19DB0 /* Users */ = {
			isa = PBXGroup;
			children = (
				1933898C2A35B9AD00B19DB0 /* UserRowView.swift */,
				193389972A35C45400B19DB0 /* UserStatsView.swift */,
			);
			path = Users;
			sourceTree = "<group>";
		};
		1933898E2A35BDCD00B19DB0 /* SideMenu */ = {
			isa = PBXGroup;
			children = (
				193389902A35BDE300B19DB0 /* Views */,
				1933898F2A35BDDD00B19DB0 /* ViewModels */,
			);
			path = SideMenu;
			sourceTree = "<group>";
		};
		1933898F2A35BDDD00B19DB0 /* ViewModels */ = {
			isa = PBXGroup;
			children = (
				193389952A35BE2400B19DB0 /* SideMenuViewModel.swift */,
			);
			path = ViewModels;
			sourceTree = "<group>";
		};
		193389902A35BDE300B19DB0 /* Views */ = {
			isa = PBXGroup;
			children = (
				193389912A35BDFA00B19DB0 /* SideMenuView.swift */,
				193389932A35BE0E00B19DB0 /* SideMenuRowView.swift */,
				193389992A35D21700B19DB0 /* SideMenuOptionRowView.swift */,
			);
			path = Views;
			sourceTree = "<group>";
		};
		19D4A7ED2A30F60D00D15293 /* MainTab */ = {
			isa = PBXGroup;
			children = (
				19D4A7EE2A30F62200D15293 /* MainTabView.swift */,
			);
			path = MainTab;
			sourceTree = "<group>";
		};
		19D4A7F02A30F6FE00D15293 /* Explore */ = {
			isa = PBXGroup;
			children = (
				1933898A2A35B97A00B19DB0 /* ViewModels */,
				193389892A35B97400B19DB0 /* Views */,
			);
			path = Explore;
			sourceTree = "<group>";
		};
		19D4A7F12A30F70400D15293 /* Notifications */ = {
			isa = PBXGroup;
			children = (
				19D4A7F62A30F75500D15293 /* NotificationsView.swift */,
			);
			path = Notifications;
			sourceTree = "<group>";
		};
		19D4A7F22A30F71300D15293 /* Messages */ = {
			isa = PBXGroup;
			children = (
				19D4A7F82A30F76C00D15293 /* MessagesView.swift */,
			);
			path = Messages;
			sourceTree = "<group>";
		};
		19D4A7F32A30F71E00D15293 /* Profile */ = {
			isa = PBXGroup;
			children = (
				19D4A7FB2A323C3F00D15293 /* Views */,
				19D4A7FA2A323C3100D15293 /* ViewModels */,
			);
			path = Profile;
			sourceTree = "<group>";
		};
		19D4A7FA2A323C3100D15293 /* ViewModels */ = {
			isa = PBXGroup;
			children = (
				193389872A35AF6500B19DB0 /* TweetFilterViewModel.swift */,
			);
			path = ViewModels;
			sourceTree = "<group>";
		};
		19D4A7FB2A323C3F00D15293 /* Views */ = {
			isa = PBXGroup;
			children = (
				19D4A7FC2A323C5A00D15293 /* ProfileView.swift */,
			);
			path = Views;
			sourceTree = "<group>";
		};
		19D61A8A2A27D06D001817A1 = {
			isa = PBXGroup;
			children = (
				19D61A952A27D06D001817A1 /* TwitterClone */,
				19D61A942A27D06D001817A1 /* Products */,
			);
			sourceTree = "<group>";
		};
		19D61A942A27D06D001817A1 /* Products */ = {
			isa = PBXGroup;
			children = (
				19D61A932A27D06D001817A1 /* TwitterClone.app */,
			);
			name = Products;
			sourceTree = "<group>";
		};
		19D61A952A27D06D001817A1 /* TwitterClone */ = {
			isa = PBXGroup;
			children = (
				19D61AA82A27D101001817A1 /* Extensions */,
				19D61AA72A27D0F2001817A1 /* Model */,
				19D61AA62A27D0E4001817A1 /* Service */,
				19D61AA52A27D0DC001817A1 /* Core */,
				19D61A962A27D06D001817A1 /* TwitterCloneApp.swift */,
				19D61A982A27D06D001817A1 /* ContentView.swift */,
				19D61A9A2A27D06E001817A1 /* Assets.xcassets */,
				19D61A9C2A27D06E001817A1 /* TwitterClone.entitlements */,
				19D61A9D2A27D06E001817A1 /* Preview Content */,
			);
			path = TwitterClone;
			sourceTree = "<group>";
		};
		19D61A9D2A27D06E001817A1 /* Preview Content */ = {
			isa = PBXGroup;
			children = (
				19D61A9E2A27D06E001817A1 /* Preview Assets.xcassets */,
			);
			path = "Preview Content";
			sourceTree = "<group>";
		};
		19D61AA52A27D0DC001817A1 /* Core */ = {
			isa = PBXGroup;
			children = (
				19D61AA92A27D10A001817A1 /* Components */,
				1933898E2A35BDCD00B19DB0 /* SideMenu */,
				19D4A7F32A30F71E00D15293 /* Profile */,
				19D4A7F22A30F71300D15293 /* Messages */,
				19D4A7F12A30F70400D15293 /* Notifications */,
				19D4A7F02A30F6FE00D15293 /* Explore */,
				19D4A7ED2A30F60D00D15293 /* MainTab */,
				19D61AAA2A27D112001817A1 /* Feed */,
			);
			path = Core;
			sourceTree = "<group>";
		};
		19D61AA62A27D0E4001817A1 /* Service */ = {
			isa = PBXGroup;
			children = (
			);
			path = Service;
			sourceTree = "<group>";
		};
		19D61AA72A27D0F2001817A1 /* Model */ = {
			isa = PBXGroup;
			children = (
			);
			path = Model;
			sourceTree = "<group>";
		};
		19D61AA82A27D101001817A1 /* Extensions */ = {
			isa = PBXGroup;
			children = (
			);
			path = Extensions;
			sourceTree = "<group>";
		};
		19D61AA92A27D10A001817A1 /* Components */ = {
			isa = PBXGroup;
			children = (
				1933898B2A35B99E00B19DB0 /* Users */,
				19D61AAF2A291873001817A1 /* Tweets */,
			);
			path = Components;
			sourceTree = "<group>";
		};
		19D61AAA2A27D112001817A1 /* Feed */ = {
			isa = PBXGroup;
			children = (
				19D61AAC2A291784001817A1 /* View */,
				19D61AAB2A291779001817A1 /* ViewModels */,
			);
			path = Feed;
			sourceTree = "<group>";
		};
		19D61AAB2A291779001817A1 /* ViewModels */ = {
			isa = PBXGroup;
			children = (
			);
			path = ViewModels;
			sourceTree = "<group>";
		};
		19D61AAC2A291784001817A1 /* View */ = {
			isa = PBXGroup;
			children = (
				19D61AAD2A2917EB001817A1 /* FeedView.swift */,
			);
			path = View;
			sourceTree = "<group>";
		};
		19D61AAF2A291873001817A1 /* Tweets */ = {
			isa = PBXGroup;
			children = (
				19D61AB02A291886001817A1 /* TweetRowView.swift */,
			);
			path = Tweets;
			sourceTree = "<group>";
		};
/* End PBXGroup section */

/* Begin PBXNativeTarget section */
		19D61A922A27D06D001817A1 /* TwitterClone */ = {
			isa = PBXNativeTarget;
			buildConfigurationList = 19D61AA22A27D06E001817A1 /* Build configuration list for PBXNativeTarget "TwitterClone" */;
			buildPhases = (
				19D61A8F2A27D06D001817A1 /* Sources */,
				19D61A902A27D06D001817A1 /* Frameworks */,
				19D61A912A27D06D001817A1 /* Resources */,
			);
			buildRules = (
			);
			dependencies = (
			);
			name = TwitterClone;
			productName = TwitterClone;
			productReference = 19D61A932A27D06D001817A1 /* TwitterClone.app */;
			productType = "com.apple.product-type.application";
		};
/* End PBXNativeTarget section */

/* Begin PBXProject section */
		19D61A8B2A27D06D001817A1 /* Project object */ = {
			isa = PBXProject;
			attributes = {
				BuildIndependentTargetsInParallel = 1;
				LastSwiftUpdateCheck = 1430;
				LastUpgradeCheck = 1430;
				TargetAttributes = {
					19D61A922A27D06D001817A1 = {
						CreatedOnToolsVersion = 14.3;
					};
				};
			};
			buildConfigurationList = 19D61A8E2A27D06D001817A1 /* Build configuration list for PBXProject "TwitterClone" */;
			compatibilityVersion = "Xcode 14.0";
			developmentRegion = en;
			hasScannedForEncodings = 0;
			knownRegions = (
				en,
				Base,
			);
			mainGroup = 19D61A8A2A27D06D001817A1;
			productRefGroup = 19D61A942A27D06D001817A1 /* Products */;
			projectDirPath = "";
			projectRoot = "";
			targets = (
				19D61A922A27D06D001817A1 /* TwitterClone */,
			);
		};
/* End PBXProject section */

/* Begin PBXResourcesBuildPhase section */
		19D61A912A27D06D001817A1 /* Resources */ = {
			isa = PBXResourcesBuildPhase;
			buildActionMask = 2147483647;
			files = (
				19D61A9F2A27D06E001817A1 /* Preview Assets.xcassets in Resources */,
				19D61A9B2A27D06E001817A1 /* Assets.xcassets in Resources */,
			);
			runOnlyForDeploymentPostprocessing = 0;
		};
/* End PBXResourcesBuildPhase section */

/* Begin PBXSourcesBuildPhase section */
		19D61A8F2A27D06D001817A1 /* Sources */ = {
			isa = PBXSourcesBuildPhase;
			buildActionMask = 2147483647;
			files = (
				19D4A7F92A30F76C00D15293 /* MessagesView.swift in Sources */,
				19D4A7FD2A323C5A00D15293 /* ProfileView.swift in Sources */,
				19D61A992A27D06D001817A1 /* ContentView.swift in Sources */,
				193389942A35BE0E00B19DB0 /* SideMenuRowView.swift in Sources */,
				19D61AB12A291886001817A1 /* TweetRowView.swift in Sources */,
				193389882A35AF6500B19DB0 /* TweetFilterViewModel.swift in Sources */,
				19D61AAE2A2917EB001817A1 /* FeedView.swift in Sources */,
				193389922A35BDFA00B19DB0 /* SideMenuView.swift in Sources */,
				19D61A972A27D06D001817A1 /* TwitterCloneApp.swift in Sources */,
				19D4A7F52A30F74700D15293 /* ExploreView.swift in Sources */,
				193389962A35BE2400B19DB0 /* SideMenuViewModel.swift in Sources */,
				1933898D2A35B9AD00B19DB0 /* UserRowView.swift in Sources */,
				1933899A2A35D21700B19DB0 /* SideMenuOptionRowView.swift in Sources */,
				19D4A7EF2A30F62200D15293 /* MainTabView.swift in Sources */,
				19D4A7F72A30F75500D15293 /* NotificationsView.swift in Sources */,
				193389982A35C45400B19DB0 /* UserStatsView.swift in Sources */,
			);
			runOnlyForDeploymentPostprocessing = 0;
		};
/* End PBXSourcesBuildPhase section */

/* Begin XCBuildConfiguration section */
		19D61AA02A27D06E001817A1 /* Debug */ = {
			isa = XCBuildConfiguration;
			buildSettings = {
				ALWAYS_SEARCH_USER_PATHS = NO;
				CLANG_ANALYZER_NONNULL = YES;
				CLANG_ANALYZER_NUMBER_OBJECT_CONVERSION = YES_AGGRESSIVE;
				CLANG_CXX_LANGUAGE_STANDARD = "gnu++20";
				CLANG_ENABLE_MODULES = YES;
				CLANG_ENABLE_OBJC_ARC = YES;
				CLANG_ENABLE_OBJC_WEAK = YES;
				CLANG_WARN_BLOCK_CAPTURE_AUTORELEASING = YES;
				CLANG_WARN_BOOL_CONVERSION = YES;
				CLANG_WARN_COMMA = YES;
				CLANG_WARN_CONSTANT_CONVERSION = YES;
				CLANG_WARN_DEPRECATED_OBJC_IMPLEMENTATIONS = YES;
				CLANG_WARN_DIRECT_OBJC_ISA_USAGE = YES_ERROR;
				CLANG_WARN_DOCUMENTATION_COMMENTS = YES;
				CLANG_WARN_EMPTY_BODY = YES;
				CLANG_WARN_ENUM_CONVERSION = YES;
				CLANG_WARN_INFINITE_RECURSION = YES;
				CLANG_WARN_INT_CONVERSION = YES;
				CLANG_WARN_NON_LITERAL_NULL_CONVERSION = YES;
				CLANG_WARN_OBJC_IMPLICIT_RETAIN_SELF = YES;
				CLANG_WARN_OBJC_LITERAL_CONVERSION = YES;
				CLANG_WARN_OBJC_ROOT_CLASS = YES_ERROR;
				CLANG_WARN_QUOTED_INCLUDE_IN_FRAMEWORK_HEADER = YES;
				CLANG_WARN_RANGE_LOOP_ANALYSIS = YES;
				CLANG_WARN_STRICT_PROTOTYPES = YES;
				CLANG_WARN_SUSPICIOUS_MOVE = YES;
				CLANG_WARN_UNGUARDED_AVAILABILITY = YES_AGGRESSIVE;
				CLANG_WARN_UNREACHABLE_CODE = YES;
				CLANG_WARN__DUPLICATE_METHOD_MATCH = YES;
				COPY_PHASE_STRIP = NO;
				DEBUG_INFORMATION_FORMAT = dwarf;
				ENABLE_STRICT_OBJC_MSGSEND = YES;
				ENABLE_TESTABILITY = YES;
				GCC_C_LANGUAGE_STANDARD = gnu11;
				GCC_DYNAMIC_NO_PIC = NO;
				GCC_NO_COMMON_BLOCKS = YES;
				GCC_OPTIMIZATION_LEVEL = 0;
				GCC_PREPROCESSOR_DEFINITIONS = (
					"DEBUG=1",
					"$(inherited)",
				);
				GCC_WARN_64_TO_32_BIT_CONVERSION = YES;
				GCC_WARN_ABOUT_RETURN_TYPE = YES_ERROR;
				GCC_WARN_UNDECLARED_SELECTOR = YES;
				GCC_WARN_UNINITIALIZED_AUTOS = YES_AGGRESSIVE;
				GCC_WARN_UNUSED_FUNCTION = YES;
				GCC_WARN_UNUSED_VARIABLE = YES;
				MTL_ENABLE_DEBUG_INFO = INCLUDE_SOURCE;
				MTL_FAST_MATH = YES;
				ONLY_ACTIVE_ARCH = YES;
				SWIFT_ACTIVE_COMPILATION_CONDITIONS = DEBUG;
				SWIFT_OPTIMIZATION_LEVEL = "-Onone";
			};
			name = Debug;
		};
		19D61AA12A27D06E001817A1 /* Release */ = {
			isa = XCBuildConfiguration;
			buildSettings = {
				ALWAYS_SEARCH_USER_PATHS = NO;
				CLANG_ANALYZER_NONNULL = YES;
				CLANG_ANALYZER_NUMBER_OBJECT_CONVERSION = YES_AGGRESSIVE;
				CLANG_CXX_LANGUAGE_STANDARD = "gnu++20";
				CLANG_ENABLE_MODULES = YES;
				CLANG_ENABLE_OBJC_ARC = YES;
				CLANG_ENABLE_OBJC_WEAK = YES;
				CLANG_WARN_BLOCK_CAPTURE_AUTORELEASING = YES;
				CLANG_WARN_BOOL_CONVERSION = YES;
				CLANG_WARN_COMMA = YES;
				CLANG_WARN_CONSTANT_CONVERSION = YES;
				CLANG_WARN_DEPRECATED_OBJC_IMPLEMENTATIONS = YES;
				CLANG_WARN_DIRECT_OBJC_ISA_USAGE = YES_ERROR;
				CLANG_WARN_DOCUMENTATION_COMMENTS = YES;
				CLANG_WARN_EMPTY_BODY = YES;
				CLANG_WARN_ENUM_CONVERSION = YES;
				CLANG_WARN_INFINITE_RECURSION = YES;
				CLANG_WARN_INT_CONVERSION = YES;
				CLANG_WARN_NON_LITERAL_NULL_CONVERSION = YES;
				CLANG_WARN_OBJC_IMPLICIT_RETAIN_SELF = YES;
				CLANG_WARN_OBJC_LITERAL_CONVERSION = YES;
				CLANG_WARN_OBJC_ROOT_CLASS = YES_ERROR;
				CLANG_WARN_QUOTED_INCLUDE_IN_FRAMEWORK_HEADER = YES;
				CLANG_WARN_RANGE_LOOP_ANALYSIS = YES;
				CLANG_WARN_STRICT_PROTOTYPES = YES;
				CLANG_WARN_SUSPICIOUS_MOVE = YES;
				CLANG_WARN_UNGUARDED_AVAILABILITY = YES_AGGRESSIVE;
				CLANG_WARN_UNREACHABLE_CODE = YES;
				CLANG_WARN__DUPLICATE_METHOD_MATCH = YES;
				COPY_PHASE_STRIP = NO;
				DEBUG_INFORMATION_FORMAT = "dwarf-with-dsym";
				ENABLE_NS_ASSERTIONS = NO;
				ENABLE_STRICT_OBJC_MSGSEND = YES;
				GCC_C_LANGUAGE_STANDARD = gnu11;
				GCC_NO_COMMON_BLOCKS = YES;
				GCC_WARN_64_TO_32_BIT_CONVERSION = YES;
				GCC_WARN_ABOUT_RETURN_TYPE = YES_ERROR;
				GCC_WARN_UNDECLARED_SELECTOR = YES;
				GCC_WARN_UNINITIALIZED_AUTOS = YES_AGGRESSIVE;
				GCC_WARN_UNUSED_FUNCTION = YES;
				GCC_WARN_UNUSED_VARIABLE = YES;
				MTL_ENABLE_DEBUG_INFO = NO;
				MTL_FAST_MATH = YES;
				SWIFT_COMPILATION_MODE = wholemodule;
				SWIFT_OPTIMIZATION_LEVEL = "-O";
			};
			name = Release;
		};
		19D61AA32A27D06E001817A1 /* Debug */ = {
			isa = XCBuildConfiguration;
			buildSettings = {
				ASSETCATALOG_COMPILER_APPICON_NAME = AppIcon;
				ASSETCATALOG_COMPILER_GLOBAL_ACCENT_COLOR_NAME = AccentColor;
				CODE_SIGN_ENTITLEMENTS = TwitterClone/TwitterClone.entitlements;
				CODE_SIGN_STYLE = Automatic;
				CURRENT_PROJECT_VERSION = 1;
				DEVELOPMENT_ASSET_PATHS = "\"TwitterClone/Preview Content\"";
				DEVELOPMENT_TEAM = 336TZN64PG;
				ENABLE_HARDENED_RUNTIME = YES;
				ENABLE_PREVIEWS = YES;
				GENERATE_INFOPLIST_FILE = YES;
				"INFOPLIST_KEY_UIApplicationSceneManifest_Generation[sdk=iphoneos*]" = YES;
				"INFOPLIST_KEY_UIApplicationSceneManifest_Generation[sdk=iphonesimulator*]" = YES;
				"INFOPLIST_KEY_UIApplicationSupportsIndirectInputEvents[sdk=iphoneos*]" = YES;
				"INFOPLIST_KEY_UIApplicationSupportsIndirectInputEvents[sdk=iphonesimulator*]" = YES;
				"INFOPLIST_KEY_UILaunchScreen_Generation[sdk=iphoneos*]" = YES;
				"INFOPLIST_KEY_UILaunchScreen_Generation[sdk=iphonesimulator*]" = YES;
				"INFOPLIST_KEY_UIStatusBarStyle[sdk=iphoneos*]" = UIStatusBarStyleDefault;
				"INFOPLIST_KEY_UIStatusBarStyle[sdk=iphonesimulator*]" = UIStatusBarStyleDefault;
				INFOPLIST_KEY_UISupportedInterfaceOrientations_iPad = "UIInterfaceOrientationPortrait UIInterfaceOrientationPortraitUpsideDown UIInterfaceOrientationLandscapeLeft UIInterfaceOrientationLandscapeRight";
				INFOPLIST_KEY_UISupportedInterfaceOrientations_iPhone = "UIInterfaceOrientationPortrait UIInterfaceOrientationLandscapeLeft UIInterfaceOrientationLandscapeRight";
				IPHONEOS_DEPLOYMENT_TARGET = 16.4;
				LD_RUNPATH_SEARCH_PATHS = "@executable_path/Frameworks";
				"LD_RUNPATH_SEARCH_PATHS[sdk=macosx*]" = "@executable_path/../Frameworks";
				MACOSX_DEPLOYMENT_TARGET = 13.2;
				MARKETING_VERSION = 1.0;
				PRODUCT_BUNDLE_IDENTIFIER = com.streamliner.TwitterClone;
				PRODUCT_NAME = "$(TARGET_NAME)";
				SDKROOT = auto;
				SUPPORTED_PLATFORMS = "iphoneos iphonesimulator macosx";
				SWIFT_EMIT_LOC_STRINGS = YES;
				SWIFT_VERSION = 5.0;
				TARGETED_DEVICE_FAMILY = "1,2";
			};
			name = Debug;
		};
		19D61AA42A27D06E001817A1 /* Release */ = {
			isa = XCBuildConfiguration;
			buildSettings = {
				ASSETCATALOG_COMPILER_APPICON_NAME = AppIcon;
				ASSETCATALOG_COMPILER_GLOBAL_ACCENT_COLOR_NAME = AccentColor;
				CODE_SIGN_ENTITLEMENTS = TwitterClone/TwitterClone.entitlements;
				CODE_SIGN_STYLE = Automatic;
				CURRENT_PROJECT_VERSION = 1;
				DEVELOPMENT_ASSET_PATHS = "\"TwitterClone/Preview Content\"";
				DEVELOPMENT_TEAM = 336TZN64PG;
				ENABLE_HARDENED_RUNTIME = YES;
				ENABLE_PREVIEWS = YES;
				GENERATE_INFOPLIST_FILE = YES;
				"INFOPLIST_KEY_UIApplicationSceneManifest_Generation[sdk=iphoneos*]" = YES;
				"INFOPLIST_KEY_UIApplicationSceneManifest_Generation[sdk=iphonesimulator*]" = YES;
				"INFOPLIST_KEY_UIApplicationSupportsIndirectInputEvents[sdk=iphoneos*]" = YES;
				"INFOPLIST_KEY_UIApplicationSupportsIndirectInputEvents[sdk=iphonesimulator*]" = YES;
				"INFOPLIST_KEY_UILaunchScreen_Generation[sdk=iphoneos*]" = YES;
				"INFOPLIST_KEY_UILaunchScreen_Generation[sdk=iphonesimulator*]" = YES;
				"INFOPLIST_KEY_UIStatusBarStyle[sdk=iphoneos*]" = UIStatusBarStyleDefault;
				"INFOPLIST_KEY_UIStatusBarStyle[sdk=iphonesimulator*]" = UIStatusBarStyleDefault;
				INFOPLIST_KEY_UISupportedInterfaceOrientations_iPad = "UIInterfaceOrientationPortrait UIInterfaceOrientationPortraitUpsideDown UIInterfaceOrientationLandscapeLeft UIInterfaceOrientationLandscapeRight";
				INFOPLIST_KEY_UISupportedInterfaceOrientations_iPhone = "UIInterfaceOrientationPortrait UIInterfaceOrientationLandscapeLeft UIInterfaceOrientationLandscapeRight";
				IPHONEOS_DEPLOYMENT_TARGET = 16.4;
				LD_RUNPATH_SEARCH_PATHS = "@executable_path/Frameworks";
				"LD_RUNPATH_SEARCH_PATHS[sdk=macosx*]" = "@executable_path/../Frameworks";
				MACOSX_DEPLOYMENT_TARGET = 13.2;
				MARKETING_VERSION = 1.0;
				PRODUCT_BUNDLE_IDENTIFIER = com.streamliner.TwitterClone;
				PRODUCT_NAME = "$(TARGET_NAME)";
				SDKROOT = auto;
				SUPPORTED_PLATFORMS = "iphoneos iphonesimulator macosx";
				SWIFT_EMIT_LOC_STRINGS = YES;
				SWIFT_VERSION = 5.0;
				TARGETED_DEVICE_FAMILY = "1,2";
			};
			name = Release;
		};
/* End XCBuildConfiguration section */

/* Begin XCConfigurationList section */
		19D61A8E2A27D06D001817A1 /* Build configuration list for PBXProject "TwitterClone" */ = {
			isa = XCConfigurationList;
			buildConfigurations = (
				19D61AA02A27D06E001817A1 /* Debug */,
				19D61AA12A27D06E001817A1 /* Release */,
			);
			defaultConfigurationIsVisible = 0;
			defaultConfigurationName = Release;
		};
		19D61AA22A27D06E001817A1 /* Build configuration list for PBXNativeTarget "TwitterClone" */ = {
			isa = XCConfigurationList;
			buildConfigurations = (
				19D61AA32A27D06E001817A1 /* Debug */,
				19D61AA42A27D06E001817A1 /* Release */,
			);
			defaultConfigurationIsVisible = 0;
			defaultConfigurationName = Release;
		};
/* End XCConfigurationList section */
	};
	rootObject = 19D61A8B2A27D06D001817A1 /* Project object */;
}
